
Microsoft Visual Studio Solution File, Format Version 12.00
# Visual Studio 2013
VisualStudioVersion = 12.0.31101.0
MinimumVisualStudioVersion = 10.0.40219.1
Project("{FAE04EC0-301F-11D3-BF4B-00C04F79EFBC}") = "JS-Apps-Homework-jQuery-Plugins", "JS-Apps-Homework-jQuery-Plugins\JS-Apps-Homework-jQuery-Plugins.csproj", "{0FC7C1FE-155B-4627-81D9-D01E643383CB}"
EndProject
Global
	GlobalSection(SolutionConfigurationPlatforms) = preSolution
		Debug|Any CPU = Debug|Any CPU
		Release|Any CPU = Release|Any CPU
	EndGlobalSection
	GlobalSection(ProjectConfigurationPlatforms) = postSolution
		{0FC7C1FE-155B-4627-81D9-D01E643383CB}.Debug|Any CPU.ActiveCfg = Debug|Any CPU
		{0FC7C1FE-155B-4627-81D9-D01E643383CB}.Debug|Any CPU.Build.0 = Debug|Any CPU
		{0FC7C1FE-155B-4627-81D9-D01E643383CB}.Release|Any CPU.ActiveCfg = Release|Any CPU
		{0FC7C1FE-155B-4627-81D9-D01E643383CB}.Release|Any CPU.Build.0 = Release|Any CPU
	EndGlobalSection
	GlobalSection(SolutionProperties) = preSolution
		HideSolutionNode = FALSE
	EndGlobalSection
EndGlobal
