
Microsoft Visual Studio Solution File, Format Version 12.00
# Visual Studio 2013
VisualStudioVersion = 12.0.30501.0
MinimumVisualStudioVersion = 10.0.40219.1
Project("{FAE04EC0-301F-11D3-BF4B-00C04F79EFBC}") = "01-Unresponsive-Homework", "01-Unresponsive-Homework\01-Unresponsive-Homework.csproj", "{68D23520-2C3A-4C42-B107-C5695639B510}"
EndProject
Project("{FAE04EC0-301F-11D3-BF4B-00C04F79EFBC}") = "02-Flowers-Home", "02-Flowers-Home\02-Flowers-Home.csproj", "{2706F0D4-4553-4EBC-AD5D-EA51B01A06C7}"
EndProject
Project("{FAE04EC0-301F-11D3-BF4B-00C04F79EFBC}") = "03-Bootstrap-Boot-Camp", "03-Bootstrap-Boot-Camp\03-Bootstrap-Boot-Camp.csproj", "{977BD7FA-0C6B-4374-99C7-1393ADC0360F}"
EndProject
Global
	GlobalSection(SolutionConfigurationPlatforms) = preSolution
		Debug|Any CPU = Debug|Any CPU
		Release|Any CPU = Release|Any CPU
	EndGlobalSection
	GlobalSection(ProjectConfigurationPlatforms) = postSolution
		{68D23520-2C3A-4C42-B107-C5695639B510}.Debug|Any CPU.ActiveCfg = Debug|Any CPU
		{68D23520-2C3A-4C42-B107-C5695639B510}.Debug|Any CPU.Build.0 = Debug|Any CPU
		{68D23520-2C3A-4C42-B107-C5695639B510}.Release|Any CPU.ActiveCfg = Release|Any CPU
		{68D23520-2C3A-4C42-B107-C5695639B510}.Release|Any CPU.Build.0 = Release|Any CPU
		{2706F0D4-4553-4EBC-AD5D-EA51B01A06C7}.Debug|Any CPU.ActiveCfg = Debug|Any CPU
		{2706F0D4-4553-4EBC-AD5D-EA51B01A06C7}.Debug|Any CPU.Build.0 = Debug|Any CPU
		{2706F0D4-4553-4EBC-AD5D-EA51B01A06C7}.Release|Any CPU.ActiveCfg = Release|Any CPU
		{2706F0D4-4553-4EBC-AD5D-EA51B01A06C7}.Release|Any CPU.Build.0 = Release|Any CPU
		{977BD7FA-0C6B-4374-99C7-1393ADC0360F}.Debug|Any CPU.ActiveCfg = Debug|Any CPU
		{977BD7FA-0C6B-4374-99C7-1393ADC0360F}.Debug|Any CPU.Build.0 = Debug|Any CPU
		{977BD7FA-0C6B-4374-99C7-1393ADC0360F}.Release|Any CPU.ActiveCfg = Release|Any CPU
		{977BD7FA-0C6B-4374-99C7-1393ADC0360F}.Release|Any CPU.Build.0 = Release|Any CPU
	EndGlobalSection
	GlobalSection(SolutionProperties) = preSolution
		HideSolutionNode = FALSE
	EndGlobalSection
EndGlobal
