
Microsoft Visual Studio Solution File, Format Version 12.00
# Visual Studio 2013
VisualStudioVersion = 12.0.30501.0
MinimumVisualStudioVersion = 10.0.40219.1
Project("{FAE04EC0-301F-11D3-BF4B-00C04F79EFBC}") = "Homework-JS-Development-Introduction", "Homework-JS-Development-Introduction\Homework-JS-Development-Introduction.csproj", "{CCD0889E-2DF7-4F92-B511-BBBED86C491C}"
EndProject
Global
	GlobalSection(SolutionConfigurationPlatforms) = preSolution
		Debug|Any CPU = Debug|Any CPU
		Release|Any CPU = Release|Any CPU
	EndGlobalSection
	GlobalSection(ProjectConfigurationPlatforms) = postSolution
		{CCD0889E-2DF7-4F92-B511-BBBED86C491C}.Debug|Any CPU.ActiveCfg = Debug|Any CPU
		{CCD0889E-2DF7-4F92-B511-BBBED86C491C}.Debug|Any CPU.Build.0 = Debug|Any CPU
		{CCD0889E-2DF7-4F92-B511-BBBED86C491C}.Release|Any CPU.ActiveCfg = Release|Any CPU
		{CCD0889E-2DF7-4F92-B511-BBBED86C491C}.Release|Any CPU.Build.0 = Release|Any CPU
	EndGlobalSection
	GlobalSection(SolutionProperties) = preSolution
		HideSolutionNode = FALSE
	EndGlobalSection
EndGlobal
