
Microsoft Visual Studio Solution File, Format Version 12.00
# Visual Studio 2013
VisualStudioVersion = 12.0.31101.0
MinimumVisualStudioVersion = 10.0.40219.1
Project("{FAE04EC0-301F-11D3-BF4B-00C04F79EFBC}") = "01-CreateDbContext", "Homework-Entity-Framework\01-CreateDbContext.csproj", "{314D0416-F651-49DE-B5EF-225B9E932559}"
EndProject
Project("{FAE04EC0-301F-11D3-BF4B-00C04F79EFBC}") = "02-CreateDAO", "02-CreateDAO\02-CreateDAO.csproj", "{24CE1B95-22AF-4B2C-8500-1ED73417E9D8}"
EndProject
Project("{FAE04EC0-301F-11D3-BF4B-00C04F79EFBC}") = "03-04-05-FindEmployee", "03-FindEmployee\03-04-05-FindEmployee.csproj", "{3732AF0D-2F00-4269-8AFC-FFA341D6F02F}"
EndProject
Project("{FAE04EC0-301F-11D3-BF4B-00C04F79EFBC}") = "06-ConcurrentDatabase", "06-ConcurrentDatabase\06-ConcurrentDatabase.csproj", "{03EF0890-8F87-4E75-B30A-035EE7311438}"
EndProject
Project("{FAE04EC0-301F-11D3-BF4B-00C04F79EFBC}") = "08-InsertProject", "08-InsertProject\08-InsertProject.csproj", "{464FA231-AD4A-48E2-8695-AF284482A3FB}"
EndProject
Project("{FAE04EC0-301F-11D3-BF4B-00C04F79EFBC}") = "07-EmployeeInheriting", "07-EmployeeInheriting\07-EmployeeInheriting.csproj", "{64DE1F01-58DF-4907-A8E6-D70E9622D834}"
EndProject
Project("{FAE04EC0-301F-11D3-BF4B-00C04F79EFBC}") = "09-StoredProcedure", "09-StoredProcedure\09-StoredProcedure.csproj", "{B2D5D22A-8F15-49AE-8595-B05C4F05AE6D}"
EndProject
Global
	GlobalSection(SolutionConfigurationPlatforms) = preSolution
		Debug|Any CPU = Debug|Any CPU
		Release|Any CPU = Release|Any CPU
	EndGlobalSection
	GlobalSection(ProjectConfigurationPlatforms) = postSolution
		{314D0416-F651-49DE-B5EF-225B9E932559}.Debug|Any CPU.ActiveCfg = Debug|Any CPU
		{314D0416-F651-49DE-B5EF-225B9E932559}.Debug|Any CPU.Build.0 = Debug|Any CPU
		{314D0416-F651-49DE-B5EF-225B9E932559}.Release|Any CPU.ActiveCfg = Release|Any CPU
		{314D0416-F651-49DE-B5EF-225B9E932559}.Release|Any CPU.Build.0 = Release|Any CPU
		{24CE1B95-22AF-4B2C-8500-1ED73417E9D8}.Debug|Any CPU.ActiveCfg = Debug|Any CPU
		{24CE1B95-22AF-4B2C-8500-1ED73417E9D8}.Debug|Any CPU.Build.0 = Debug|Any CPU
		{24CE1B95-22AF-4B2C-8500-1ED73417E9D8}.Release|Any CPU.ActiveCfg = Release|Any CPU
		{24CE1B95-22AF-4B2C-8500-1ED73417E9D8}.Release|Any CPU.Build.0 = Release|Any CPU
		{3732AF0D-2F00-4269-8AFC-FFA341D6F02F}.Debug|Any CPU.ActiveCfg = Debug|Any CPU
		{3732AF0D-2F00-4269-8AFC-FFA341D6F02F}.Debug|Any CPU.Build.0 = Debug|Any CPU
		{3732AF0D-2F00-4269-8AFC-FFA341D6F02F}.Release|Any CPU.ActiveCfg = Release|Any CPU
		{3732AF0D-2F00-4269-8AFC-FFA341D6F02F}.Release|Any CPU.Build.0 = Release|Any CPU
		{03EF0890-8F87-4E75-B30A-035EE7311438}.Debug|Any CPU.ActiveCfg = Debug|Any CPU
		{03EF0890-8F87-4E75-B30A-035EE7311438}.Debug|Any CPU.Build.0 = Debug|Any CPU
		{03EF0890-8F87-4E75-B30A-035EE7311438}.Release|Any CPU.ActiveCfg = Release|Any CPU
		{03EF0890-8F87-4E75-B30A-035EE7311438}.Release|Any CPU.Build.0 = Release|Any CPU
		{464FA231-AD4A-48E2-8695-AF284482A3FB}.Debug|Any CPU.ActiveCfg = Debug|Any CPU
		{464FA231-AD4A-48E2-8695-AF284482A3FB}.Debug|Any CPU.Build.0 = Debug|Any CPU
		{464FA231-AD4A-48E2-8695-AF284482A3FB}.Release|Any CPU.ActiveCfg = Release|Any CPU
		{464FA231-AD4A-48E2-8695-AF284482A3FB}.Release|Any CPU.Build.0 = Release|Any CPU
		{64DE1F01-58DF-4907-A8E6-D70E9622D834}.Debug|Any CPU.ActiveCfg = Debug|Any CPU
		{64DE1F01-58DF-4907-A8E6-D70E9622D834}.Debug|Any CPU.Build.0 = Debug|Any CPU
		{64DE1F01-58DF-4907-A8E6-D70E9622D834}.Release|Any CPU.ActiveCfg = Release|Any CPU
		{64DE1F01-58DF-4907-A8E6-D70E9622D834}.Release|Any CPU.Build.0 = Release|Any CPU
		{B2D5D22A-8F15-49AE-8595-B05C4F05AE6D}.Debug|Any CPU.ActiveCfg = Debug|Any CPU
		{B2D5D22A-8F15-49AE-8595-B05C4F05AE6D}.Debug|Any CPU.Build.0 = Debug|Any CPU
		{B2D5D22A-8F15-49AE-8595-B05C4F05AE6D}.Release|Any CPU.ActiveCfg = Release|Any CPU
		{B2D5D22A-8F15-49AE-8595-B05C4F05AE6D}.Release|Any CPU.Build.0 = Release|Any CPU
	EndGlobalSection
	GlobalSection(SolutionProperties) = preSolution
		HideSolutionNode = FALSE
	EndGlobalSection
EndGlobal
